{
  "name": "math-en-serveur",
  "version": "1.0.0",
  "lockfileVersion": 3,
  "requires": true,
  "packages": {
    "": {
      "name": "math-en-serveur",
      "version": "1.0.0",
      "license": "Mozilla v2.0",
      "dependencies": {
        "katex": "^0.16.8"
      },
      "devDependencies": {
        "@types/katex": "^0.16.1",
        "@types/node": "^20.4.2",
        "typescript": "^5.1.6"
      }
    },
    "node_modules/@types/katex": {
      "version": "0.16.1",
      "resolved": "https://registry.npmjs.org/@types/katex/-/katex-0.16.1.tgz",
      "integrity": "sha512-cwglq2A63Yk082CQk0t8LIoDhZAVgJqkumLyk3grpg3K8sevaDW//Qsspmxj9Sf+97biqt79CfAlPrvizHlP0w==",
      "dev": true
    },
    "node_modules/@types/node": {
      "version": "20.4.2",
      "resolved": "https://registry.npmjs.org/@types/node/-/node-20.4.2.tgz",
      "integrity": "sha512-Dd0BYtWgnWJKwO1jkmTrzofjK2QXXcai0dmtzvIBhcA+RsG5h8R3xlyta0kGOZRNfL9GuRtb1knmPEhQrePCEw==",
      "dev": true
    },
    "node_modules/commander": {
      "version": "8.3.0",
      "resolved": "https://registry.npmjs.org/commander/-/commander-8.3.0.tgz",
      "integrity": "sha512-OkTL9umf+He2DZkUq8f8J9of7yL6RJKI24dVITBmNfZBmri9zYZQrKkuXiKhyfPSu8tUhnVBB1iKXevvnlR4Ww==",
      "engines": {
        "node": ">= 12"
      }
    },
    "node_modules/katex": {
      "version": "0.16.8",
      "resolved": "https://registry.npmjs.org/katex/-/katex-0.16.8.tgz",
      "integrity": "sha512-ftuDnJbcbOckGY11OO+zg3OofESlbR5DRl2cmN8HeWeeFIV7wTXvAOx8kEjZjobhA+9wh2fbKeO6cdcA9Mnovg==",
      "funding": [
        "https://opencollective.com/katex",
        "https://github.com/sponsors/katex"
      ],
      "dependencies": {
        "commander": "^8.3.0"
      },
      "bin": {
        "katex": "cli.js"
      }
    },
    "node_modules/typescript": {
      "version": "5.1.6",
      "resolved": "https://registry.npmjs.org/typescript/-/typescript-5.1.6.tgz",
      "integrity": "sha512-zaWCozRZ6DLEWAWFrVDz1H6FVXzUSfTy5FUMWsQlU8Ym5JP9eO4xkTIROFCQvhQf61z6O/G6ugw3SgAnvvm+HA==",
      "dev": true,
      "bin": {
        "tsc": "bin/tsc",
        "tsserver": "bin/tsserver"
      },
      "engines": {
        "node": ">=14.17"
      }
    }
  }
}
